<?xml version="1.0" encoding="utf-8"?>
<Project ToolsVersion="4.0" xmlns="http://schemas.microsoft.com/developer/msbuild/2003">
  <ItemGroup>
    <Filter Include="Source Files">
      <UniqueIdentifier>{4FC737F1-C7A5-4376-A066-2A32D752A2FF}</UniqueIdentifier>
      <Extensions>cpp;c;cc;cxx;c++;cppm;ixx;def;odl;idl;hpj;bat;asm;asmx</Extensions>
    </Filter>
    <Filter Include="Header Files">
      <UniqueIdentifier>{93995380-89BD-4b04-88EB-625FBE52EBFB}</UniqueIdentifier>
      <Extensions>h;hh;hpp;hxx;h++;hm;inl;inc;ipp;xsd</Extensions>
    </Filter>
    <Filter Include="Resource Files">
      <UniqueIdentifier>{67DA6AB6-F800-4c08-8B7A-83BB121AAD01}</UniqueIdentifier>
      <Extensions>rc;ico;cur;bmp;dlg;rc2;rct;bin;rgs;gif;jpg;jpeg;jpe;resx;tiff;tif;png;wav;mfcribbon-ms</Extensions>
    </Filter>
  </ItemGroup>
  <ItemGroup>
    <ClCompile Include="DSA1001.cpp">
      <Filter>Source Files</Filter>
    </ClCompile>
    <ClCompile Include="DSA1002.cpp">
      <Filter>Source Files</Filter>
    </ClCompile>
    <ClCompile Include="DSA1003.cpp">
      <Filter>Source Files</Filter>
    </ClCompile>
    <ClCompile Include="DSA1007.cpp">
      <Filter>Source Files</Filter>
    </ClCompile>
    <ClCompile Include="DSA1004.cpp">
      <Filter>Source Files</Filter>
    </ClCompile>
    <ClCompile Include="DSA1005.cpp">
      <Filter>Source Files</Filter>
    </ClCompile>
    <ClCompile Include="DSA1006.cpp">
      <Filter>Source Files</Filter>
    </ClCompile>
    <ClCompile Include="DSA1008.cpp">
      <Filter>Source Files</Filter>
    </ClCompile>
    <ClCompile Include="DSA2001.cpp">
      <Filter>Source Files</Filter>
    </ClCompile>
    <ClCompile Include="DSA2002.cpp">
      <Filter>Source Files</Filter>
    </ClCompile>
    <ClCompile Include="DSA1020.cpp">
      <Filter>Source Files</Filter>
    </ClCompile>
    <ClCompile Include="DSA1019.cpp">
      <Filter>Source Files</Filter>
    </ClCompile>
    <ClCompile Include="CTDL_002.cpp">
      <Filter>Source Files</Filter>
    </ClCompile>
    <ClCompile Include="DSA1010.cpp">
      <Filter>Source Files</Filter>
    </ClCompile>
    <ClCompile Include="DSA1014.cpp">
      <Filter>Source Files</Filter>
    </ClCompile>
    <ClCompile Include="DSA4001.cpp">
      <Filter>Source Files</Filter>
    </ClCompile>
    <ClCompile Include="DSA4003.cpp">
      <Filter>Source Files</Filter>
    </ClCompile>
    <ClCompile Include="DSA4020.cpp">
      <Filter>Source Files</Filter>
    </ClCompile>
    <ClCompile Include="DSA4004.cpp">
      <Filter>Source Files</Filter>
    </ClCompile>
    <ClCompile Include="DSA4005.cpp">
      <Filter>Source Files</Filter>
    </ClCompile>
    <ClCompile Include="DSA1018.cpp">
      <Filter>Source Files</Filter>
    </ClCompile>
    <ClCompile Include="DSA1011.cpp">
      <Filter>Source Files</Filter>
    </ClCompile>
    <ClCompile Include="DSA2003.cpp">
      <Filter>Source Files</Filter>
    </ClCompile>
    <ClCompile Include="DSA2007.cpp">
      <Filter>Source Files</Filter>
    </ClCompile>
    <ClCompile Include="DSA2005.cpp">
      <Filter>Source Files</Filter>
    </ClCompile>
    <ClCompile Include="DSA5005.cpp">
      <Filter>Source Files</Filter>
    </ClCompile>
    <ClCompile Include="DSA2006.cpp">
      <Filter>Source Files</Filter>
    </ClCompile>
    <ClCompile Include="DSA5009.cpp">
      <Filter>Source Files</Filter>
    </ClCompile>
    <ClCompile Include="DSA2012.cpp">
      <Filter>Source Files</Filter>
    </ClCompile>
    <ClCompile Include="DSA2013.cpp">
      <Filter>Source Files</Filter>
    </ClCompile>
    <ClCompile Include="DSA2045.cpp">
      <Filter>Source Files</Filter>
    </ClCompile>
    <ClCompile Include="DSA1025.cpp">
      <Filter>Source Files</Filter>
    </ClCompile>
    <ClCompile Include="DSA1012.cpp">
      <Filter>Source Files</Filter>
    </ClCompile>
    <ClCompile Include="DSA1017.cpp">
      <Filter>Source Files</Filter>
    </ClCompile>
    <ClCompile Include="DSA1013.cpp">
      <Filter>Source Files</Filter>
    </ClCompile>
    <ClCompile Include="DSA1009.cpp">
      <Filter>Source Files</Filter>
    </ClCompile>
    <ClCompile Include="DSA2008.cpp">
      <Filter>Source Files</Filter>
    </ClCompile>
    <ClCompile Include="DSA1015.cpp">
      <Filter>Source Files</Filter>
    </ClCompile>
    <ClCompile Include="DSA1016.cpp">
      <Filter>Source Files</Filter>
    </ClCompile>
    <ClCompile Include="DSA2016.cpp">
      <Filter>Source Files</Filter>
    </ClCompile>
    <ClCompile Include="DSA2017.cpp">
      <Filter>Source Files</Filter>
    </ClCompile>
    <ClCompile Include="DSA3010.cpp">
      <Filter>Source Files</Filter>
    </ClCompile>
    <ClCompile Include="DSA3008.cpp">
      <Filter>Source Files</Filter>
    </ClCompile>
    <ClCompile Include="DSA5001.cpp">
      <Filter>Source Files</Filter>
    </ClCompile>
    <ClCompile Include="DSA5004.cpp">
      <Filter>Source Files</Filter>
    </ClCompile>
    <ClCompile Include="DSA5008.cpp">
      <Filter>Source Files</Filter>
    </ClCompile>
    <ClCompile Include="DSA5012.cpp">
      <Filter>Source Files</Filter>
    </ClCompile>
    <ClCompile Include="DSA5013.cpp">
      <Filter>Source Files</Filter>
    </ClCompile>
    <ClCompile Include="DSA3011.cpp">
      <Filter>Source Files</Filter>
    </ClCompile>
    <ClCompile Include="DSA3017.cpp">
      <Filter>Source Files</Filter>
    </ClCompile>
    <ClCompile Include="DSA3018.cpp">
      <Filter>Source Files</Filter>
    </ClCompile>
    <ClCompile Include="DSA3034.cpp">
      <Filter>Source Files</Filter>
    </ClCompile>
    <ClCompile Include="DSA5025.cpp">
      <Filter>Source Files</Filter>
    </ClCompile>
    <ClCompile Include="DSA5023.cpp">
      <Filter>Source Files</Filter>
    </ClCompile>
    <ClCompile Include="DSA5029.cpp">
      <Filter>Source Files</Filter>
    </ClCompile>
    <ClCompile Include="DSA5016.cpp">
      <Filter>Source Files</Filter>
    </ClCompile>
    <ClCompile Include="DSA4010.cpp">
      <Filter>Source Files</Filter>
    </ClCompile>
    <ClCompile Include="DSA5042.cpp">
      <Filter>Source Files</Filter>
    </ClCompile>
    <ClCompile Include="DSA5002.cpp">
      <Filter>Source Files</Filter>
    </ClCompile>
    <ClCompile Include="DSA5026.cpp">
      <Filter>Source Files</Filter>
    </ClCompile>
    <ClCompile Include="DSA2004.cpp">
      <Filter>Source Files</Filter>
    </ClCompile>
    <ClCompile Include="DSA9004.cpp">
      <Filter>Source Files</Filter>
    </ClCompile>
    <ClCompile Include="DSA9005.cpp">
      <Filter>Source Files</Filter>
    </ClCompile>
    <ClCompile Include="DSA9006.cpp">
      <Filter>Source Files</Filter>
    </ClCompile>
    <ClCompile Include="DSA9001.cpp">
      <Filter>Source Files</Filter>
    </ClCompile>
    <ClCompile Include="DSA9002.cpp">
      <Filter>Source Files</Filter>
    </ClCompile>
    <ClCompile Include="DSA9003.cpp">
      <Filter>Source Files</Filter>
    </ClCompile>
    <ClCompile Include="DSA9007.cpp">
      <Filter>Source Files</Filter>
    </ClCompile>
    <ClCompile Include="DSA9008.cpp">
      <Filter>Source Files</Filter>
    </ClCompile>
    <ClCompile Include="DSA9009.cpp">
      <Filter>Source Files</Filter>
    </ClCompile>
    <ClCompile Include="DSA9010.cpp">
      <Filter>Source Files</Filter>
    </ClCompile>
    <ClCompile Include="DSA9011.cpp">
      <Filter>Source Files</Filter>
    </ClCompile>
    <ClCompile Include="DSA9012.cpp">
      <Filter>Source Files</Filter>
    </ClCompile>
    <ClCompile Include="DSA9013.cpp">
      <Filter>Source Files</Filter>
    </ClCompile>
    <ClCompile Include="DSA9014.cpp">
      <Filter>Source Files</Filter>
    </ClCompile>
    <ClCompile Include="DSA9015.cpp">
      <Filter>Source Files</Filter>
    </ClCompile>
    <ClCompile Include="DSA9020.cpp">
      <Filter>Source Files</Filter>
    </ClCompile>
    <ClCompile Include="DSA9021.cpp">
      <Filter>Source Files</Filter>
    </ClCompile>
    <ClCompile Include="DSA9022.cpp">
      <Filter>Source Files</Filter>
    </ClCompile>
    <ClCompile Include="DSA9024.cpp">
      <Filter>Source Files</Filter>
    </ClCompile>
    <ClCompile Include="DSA9025.cpp">
      <Filter>Source Files</Filter>
    </ClCompile>
    <ClCompile Include="DSA9026.cpp">
      <Filter>Source Files</Filter>
    </ClCompile>
    <ClCompile Include="DSA9027.cpp">
      <Filter>Source Files</Filter>
    </ClCompile>
    <ClCompile Include="DSA9032.cpp">
      <Filter>Source Files</Filter>
    </ClCompile>
    <ClCompile Include="DSA9034.cpp">
      <Filter>Source Files</Filter>
    </ClCompile>
    <ClCompile Include="CTDL_001.cpp">
      <Filter>Source Files</Filter>
    </ClCompile>
    <ClCompile Include="DSA6026.cpp">
      <Filter>Source Files</Filter>
    </ClCompile>
    <ClCompile Include="DSA9016.cpp">
      <Filter>Source Files</Filter>
    </ClCompile>
    <ClCompile Include="DSA10004.cpp">
      <Filter>Source Files</Filter>
    </ClCompile>
    <ClCompile Include="DSA9017.cpp">
      <Filter>Source Files</Filter>
    </ClCompile>
    <ClCompile Include="DSA6001.cpp">
      <Filter>Source Files</Filter>
    </ClCompile>
    <ClCompile Include="DSA6002.cpp">
      <Filter>Source Files</Filter>
    </ClCompile>
    <ClCompile Include="DSA6004.cpp">
      <Filter>Source Files</Filter>
    </ClCompile>
    <ClCompile Include="DSA7001.cpp">
      <Filter>Source Files</Filter>
    </ClCompile>
    <ClCompile Include="DSA7002.cpp">
      <Filter>Source Files</Filter>
    </ClCompile>
    <ClCompile Include="DSA7003.cpp">
      <Filter>Source Files</Filter>
    </ClCompile>
    <ClCompile Include="DSA7004.cpp">
      <Filter>Source Files</Filter>
    </ClCompile>
  </ItemGroup>
</Project>